
Microsoft Visual Studio Solution File, Format Version 12.00
# Visual Studio Version 16
VisualStudioVersion = 16.0.30621.155
MinimumVisualStudioVersion = 10.0.40219.1
Project("{FAE04EC0-301F-11D3-BF4B-00C04F79EFBC}") = "XF.Prism.RegionNavigation", "XF.Prism.RegionNavigation\XF.Prism.RegionNavigation.csproj", "{5A707951-2072-4900-AFE7-921416EFDA16}"
EndProject
Project("{FAE04EC0-301F-11D3-BF4B-00C04F79EFBC}") = "XF.Prism.RegionNavigation.Android", "XF.Prism.RegionNavigation.Android\XF.Prism.RegionNavigation.Android.csproj", "{C8DC936D-37B6-4799-8368-81B769D4F1AD}"
EndProject
Project("{FAE04EC0-301F-11D3-BF4B-00C04F79EFBC}") = "XF.Prism.RegionNavigation.iOS", "XF.Prism.RegionNavigation.iOS\XF.Prism.RegionNavigation.iOS.csproj", "{5DC3581B-B2AC-42AD-8633-7527534B3CCA}"
EndProject
Project("{FAE04EC0-301F-11D3-BF4B-00C04F79EFBC}") = "XF.Prism.RegionNavigation.UWP", "XF.Prism.RegionNavigation.UWP\XF.Prism.RegionNavigation.UWP.csproj", "{27A3B367-ECD6-4B3B-8AD4-91DA3757C1B3}"
EndProject
Global
	GlobalSection(SolutionConfigurationPlatforms) = preSolution
		Ad-Hoc|Any CPU = Ad-Hoc|Any CPU
		Ad-Hoc|ARM = Ad-Hoc|ARM
		Ad-Hoc|iPhone = Ad-Hoc|iPhone
		Ad-Hoc|iPhoneSimulator = Ad-Hoc|iPhoneSimulator
		Ad-Hoc|x64 = Ad-Hoc|x64
		Ad-Hoc|x86 = Ad-Hoc|x86
		AppStore|Any CPU = AppStore|Any CPU
		AppStore|ARM = AppStore|ARM
		AppStore|iPhone = AppStore|iPhone
		AppStore|iPhoneSimulator = AppStore|iPhoneSimulator
		AppStore|x64 = AppStore|x64
		AppStore|x86 = AppStore|x86
		Debug|Any CPU = Debug|Any CPU
		Debug|ARM = Debug|ARM
		Debug|iPhone = Debug|iPhone
		Debug|iPhoneSimulator = Debug|iPhoneSimulator
		Debug|x64 = Debug|x64
		Debug|x86 = Debug|x86
		Release|Any CPU = Release|Any CPU
		Release|ARM = Release|ARM
		Release|iPhone = Release|iPhone
		Release|iPhoneSimulator = Release|iPhoneSimulator
		Release|x64 = Release|x64
		Release|x86 = Release|x86
	EndGlobalSection
	GlobalSection(ProjectConfigurationPlatforms) = postSolution
		{5A707951-2072-4900-AFE7-921416EFDA16}.Ad-Hoc|Any CPU.ActiveCfg = Release|Any CPU
		{5A707951-2072-4900-AFE7-921416EFDA16}.Ad-Hoc|Any CPU.Build.0 = Release|Any CPU
		{5A707951-2072-4900-AFE7-921416EFDA16}.Ad-Hoc|ARM.ActiveCfg = Release|Any CPU
		{5A707951-2072-4900-AFE7-921416EFDA16}.Ad-Hoc|ARM.Build.0 = Release|Any CPU
		{5A707951-2072-4900-AFE7-921416EFDA16}.Ad-Hoc|iPhone.ActiveCfg = Release|Any CPU
		{5A707951-2072-4900-AFE7-921416EFDA16}.Ad-Hoc|iPhone.Build.0 = Release|Any CPU
		{5A707951-2072-4900-AFE7-921416EFDA16}.Ad-Hoc|iPhoneSimulator.ActiveCfg = Release|Any CPU
		{5A707951-2072-4900-AFE7-921416EFDA16}.Ad-Hoc|iPhoneSimulator.Build.0 = Release|Any CPU
		{5A707951-2072-4900-AFE7-921416EFDA16}.Ad-Hoc|x64.ActiveCfg = Release|Any CPU
		{5A707951-2072-4900-AFE7-921416EFDA16}.Ad-Hoc|x64.Build.0 = Release|Any CPU
		{5A707951-2072-4900-AFE7-921416EFDA16}.Ad-Hoc|x86.ActiveCfg = Release|Any CPU
		{5A707951-2072-4900-AFE7-921416EFDA16}.Ad-Hoc|x86.Build.0 = Release|Any CPU
		{5A707951-2072-4900-AFE7-921416EFDA16}.AppStore|Any CPU.ActiveCfg = Release|Any CPU
		{5A707951-2072-4900-AFE7-921416EFDA16}.AppStore|Any CPU.Build.0 = Release|Any CPU
		{5A707951-2072-4900-AFE7-921416EFDA16}.AppStore|ARM.ActiveCfg = Release|Any CPU
		{5A707951-2072-4900-AFE7-921416EFDA16}.AppStore|ARM.Build.0 = Release|Any CPU
		{5A707951-2072-4900-AFE7-921416EFDA16}.AppStore|iPhone.ActiveCfg = Release|Any CPU
		{5A707951-2072-4900-AFE7-921416EFDA16}.AppStore|iPhone.Build.0 = Release|Any CPU
		{5A707951-2072-4900-AFE7-921416EFDA16}.AppStore|iPhoneSimulator.ActiveCfg = Release|Any CPU
		{5A707951-2072-4900-AFE7-921416EFDA16}.AppStore|iPhoneSimulator.Build.0 = Release|Any CPU
		{5A707951-2072-4900-AFE7-921416EFDA16}.AppStore|x64.ActiveCfg = Release|Any CPU
		{5A707951-2072-4900-AFE7-921416EFDA16}.AppStore|x64.Build.0 = Release|Any CPU
		{5A707951-2072-4900-AFE7-921416EFDA16}.AppStore|x86.ActiveCfg = Release|Any CPU
		{5A707951-2072-4900-AFE7-921416EFDA16}.AppStore|x86.Build.0 = Release|Any CPU
		{5A707951-2072-4900-AFE7-921416EFDA16}.Debug|Any CPU.ActiveCfg = Debug|Any CPU
		{5A707951-2072-4900-AFE7-921416EFDA16}.Debug|Any CPU.Build.0 = Debug|Any CPU
		{5A707951-2072-4900-AFE7-921416EFDA16}.Debug|ARM.ActiveCfg = Debug|Any CPU
		{5A707951-2072-4900-AFE7-921416EFDA16}.Debug|ARM.Build.0 = Debug|Any CPU
		{5A707951-2072-4900-AFE7-921416EFDA16}.Debug|iPhone.ActiveCfg = Debug|Any CPU
		{5A707951-2072-4900-AFE7-921416EFDA16}.Debug|iPhone.Build.0 = Debug|Any CPU
		{5A707951-2072-4900-AFE7-921416EFDA16}.Debug|iPhoneSimulator.ActiveCfg = Debug|Any CPU
		{5A707951-2072-4900-AFE7-921416EFDA16}.Debug|iPhoneSimulator.Build.0 = Debug|Any CPU
		{5A707951-2072-4900-AFE7-921416EFDA16}.Debug|x64.ActiveCfg = Debug|Any CPU
		{5A707951-2072-4900-AFE7-921416EFDA16}.Debug|x64.Build.0 = Debug|Any CPU
		{5A707951-2072-4900-AFE7-921416EFDA16}.Debug|x86.ActiveCfg = Debug|Any CPU
		{5A707951-2072-4900-AFE7-921416EFDA16}.Debug|x86.Build.0 = Debug|Any CPU
		{5A707951-2072-4900-AFE7-921416EFDA16}.Release|Any CPU.ActiveCfg = Release|Any CPU
		{5A707951-2072-4900-AFE7-921416EFDA16}.Release|Any CPU.Build.0 = Release|Any CPU
		{5A707951-2072-4900-AFE7-921416EFDA16}.Release|ARM.ActiveCfg = Release|Any CPU
		{5A707951-2072-4900-AFE7-921416EFDA16}.Release|ARM.Build.0 = Release|Any CPU
		{5A707951-2072-4900-AFE7-921416EFDA16}.Release|iPhone.ActiveCfg = Release|Any CPU
		{5A707951-2072-4900-AFE7-921416EFDA16}.Release|iPhone.Build.0 = Release|Any CPU
		{5A707951-2072-4900-AFE7-921416EFDA16}.Release|iPhoneSimulator.ActiveCfg = Release|Any CPU
		{5A707951-2072-4900-AFE7-921416EFDA16}.Release|iPhoneSimulator.Build.0 = Release|Any CPU
		{5A707951-2072-4900-AFE7-921416EFDA16}.Release|x64.ActiveCfg = Release|Any CPU
		{5A707951-2072-4900-AFE7-921416EFDA16}.Release|x64.Build.0 = Release|Any CPU
		{5A707951-2072-4900-AFE7-921416EFDA16}.Release|x86.ActiveCfg = Release|Any CPU
		{5A707951-2072-4900-AFE7-921416EFDA16}.Release|x86.Build.0 = Release|Any CPU
		{C8DC936D-37B6-4799-8368-81B769D4F1AD}.Ad-Hoc|Any CPU.ActiveCfg = Debug|Any CPU
		{C8DC936D-37B6-4799-8368-81B769D4F1AD}.Ad-Hoc|Any CPU.Build.0 = Debug|Any CPU
		{C8DC936D-37B6-4799-8368-81B769D4F1AD}.Ad-Hoc|Any CPU.Deploy.0 = Debug|Any CPU
		{C8DC936D-37B6-4799-8368-81B769D4F1AD}.Ad-Hoc|ARM.ActiveCfg = Debug|Any CPU
		{C8DC936D-37B6-4799-8368-81B769D4F1AD}.Ad-Hoc|ARM.Build.0 = Debug|Any CPU
		{C8DC936D-37B6-4799-8368-81B769D4F1AD}.Ad-Hoc|ARM.Deploy.0 = Debug|Any CPU
		{C8DC936D-37B6-4799-8368-81B769D4F1AD}.Ad-Hoc|iPhone.ActiveCfg = Debug|Any CPU
		{C8DC936D-37B6-4799-8368-81B769D4F1AD}.Ad-Hoc|iPhone.Build.0 = Debug|Any CPU
		{C8DC936D-37B6-4799-8368-81B769D4F1AD}.Ad-Hoc|iPhone.Deploy.0 = Debug|Any CPU
		{C8DC936D-37B6-4799-8368-81B769D4F1AD}.Ad-Hoc|iPhoneSimulator.ActiveCfg = Debug|Any CPU
		{C8DC936D-37B6-4799-8368-81B769D4F1AD}.Ad-Hoc|iPhoneSimulator.Build.0 = Debug|Any CPU
		{C8DC936D-37B6-4799-8368-81B769D4F1AD}.Ad-Hoc|iPhoneSimulator.Deploy.0 = Debug|Any CPU
		{C8DC936D-37B6-4799-8368-81B769D4F1AD}.Ad-Hoc|x64.ActiveCfg = Debug|Any CPU
		{C8DC936D-37B6-4799-8368-81B769D4F1AD}.Ad-Hoc|x64.Build.0 = Debug|Any CPU
		{C8DC936D-37B6-4799-8368-81B769D4F1AD}.Ad-Hoc|x64.Deploy.0 = Debug|Any CPU
		{C8DC936D-37B6-4799-8368-81B769D4F1AD}.Ad-Hoc|x86.ActiveCfg = Debug|Any CPU
		{C8DC936D-37B6-4799-8368-81B769D4F1AD}.Ad-Hoc|x86.Build.0 = Debug|Any CPU
		{C8DC936D-37B6-4799-8368-81B769D4F1AD}.Ad-Hoc|x86.Deploy.0 = Debug|Any CPU
		{C8DC936D-37B6-4799-8368-81B769D4F1AD}.AppStore|Any CPU.ActiveCfg = Debug|Any CPU
		{C8DC936D-37B6-4799-8368-81B769D4F1AD}.AppStore|Any CPU.Build.0 = Debug|Any CPU
		{C8DC936D-37B6-4799-8368-81B769D4F1AD}.AppStore|Any CPU.Deploy.0 = Debug|Any CPU
		{C8DC936D-37B6-4799-8368-81B769D4F1AD}.AppStore|ARM.ActiveCfg = Debug|Any CPU
		{C8DC936D-37B6-4799-8368-81B769D4F1AD}.AppStore|ARM.Build.0 = Debug|Any CPU
		{C8DC936D-37B6-4799-8368-81B769D4F1AD}.AppStore|ARM.Deploy.0 = Debug|Any CPU
		{C8DC936D-37B6-4799-8368-81B769D4F1AD}.AppStore|iPhone.ActiveCfg = Debug|Any CPU
		{C8DC936D-37B6-4799-8368-81B769D4F1AD}.AppStore|iPhone.Build.0 = Debug|Any CPU
		{C8DC936D-37B6-4799-8368-81B769D4F1AD}.AppStore|iPhone.Deploy.0 = Debug|Any CPU
		{C8DC936D-37B6-4799-8368-81B769D4F1AD}.AppStore|iPhoneSimulator.ActiveCfg = Debug|Any CPU
		{C8DC936D-37B6-4799-8368-81B769D4F1AD}.AppStore|iPhoneSimulator.Build.0 = Debug|Any CPU
		{C8DC936D-37B6-4799-8368-81B769D4F1AD}.AppStore|iPhoneSimulator.Deploy.0 = Debug|Any CPU
		{C8DC936D-37B6-4799-8368-81B769D4F1AD}.AppStore|x64.ActiveCfg = Debug|Any CPU
		{C8DC936D-37B6-4799-8368-81B769D4F1AD}.AppStore|x64.Build.0 = Debug|Any CPU
		{C8DC936D-37B6-4799-8368-81B769D4F1AD}.AppStore|x64.Deploy.0 = Debug|Any CPU
		{C8DC936D-37B6-4799-8368-81B769D4F1AD}.AppStore|x86.ActiveCfg = Debug|Any CPU
		{C8DC936D-37B6-4799-8368-81B769D4F1AD}.AppStore|x86.Build.0 = Debug|Any CPU
		{C8DC936D-37B6-4799-8368-81B769D4F1AD}.AppStore|x86.Deploy.0 = Debug|Any CPU
		{C8DC936D-37B6-4799-8368-81B769D4F1AD}.Debug|Any CPU.ActiveCfg = Debug|Any CPU
		{C8DC936D-37B6-4799-8368-81B769D4F1AD}.Debug|Any CPU.Build.0 = Debug|Any CPU
		{C8DC936D-37B6-4799-8368-81B769D4F1AD}.Debug|Any CPU.Deploy.0 = Debug|Any CPU
		{C8DC936D-37B6-4799-8368-81B769D4F1AD}.Debug|ARM.ActiveCfg = Debug|Any CPU
		{C8DC936D-37B6-4799-8368-81B769D4F1AD}.Debug|ARM.Build.0 = Debug|Any CPU
		{C8DC936D-37B6-4799-8368-81B769D4F1AD}.Debug|ARM.Deploy.0 = Debug|Any CPU
		{C8DC936D-37B6-4799-8368-81B769D4F1AD}.Debug|iPhone.ActiveCfg = Debug|Any CPU
		{C8DC936D-37B6-4799-8368-81B769D4F1AD}.Debug|iPhone.Build.0 = Debug|Any CPU
		{C8DC936D-37B6-4799-8368-81B769D4F1AD}.Debug|iPhone.Deploy.0 = Debug|Any CPU
		{C8DC936D-37B6-4799-8368-81B769D4F1AD}.Debug|iPhoneSimulator.ActiveCfg = Debug|Any CPU
		{C8DC936D-37B6-4799-8368-81B769D4F1AD}.Debug|iPhoneSimulator.Build.0 = Debug|Any CPU
		{C8DC936D-37B6-4799-8368-81B769D4F1AD}.Debug|iPhoneSimulator.Deploy.0 = Debug|Any CPU
		{C8DC936D-37B6-4799-8368-81B769D4F1AD}.Debug|x64.ActiveCfg = Debug|Any CPU
		{C8DC936D-37B6-4799-8368-81B769D4F1AD}.Debug|x64.Build.0 = Debug|Any CPU
		{C8DC936D-37B6-4799-8368-81B769D4F1AD}.Debug|x64.Deploy.0 = Debug|Any CPU
		{C8DC936D-37B6-4799-8368-81B769D4F1AD}.Debug|x86.ActiveCfg = Debug|Any CPU
		{C8DC936D-37B6-4799-8368-81B769D4F1AD}.Debug|x86.Build.0 = Debug|Any CPU
		{C8DC936D-37B6-4799-8368-81B769D4F1AD}.Debug|x86.Deploy.0 = Debug|Any CPU
		{C8DC936D-37B6-4799-8368-81B769D4F1AD}.Release|Any CPU.ActiveCfg = Release|Any CPU
		{C8DC936D-37B6-4799-8368-81B769D4F1AD}.Release|Any CPU.Build.0 = Release|Any CPU
		{C8DC936D-37B6-4799-8368-81B769D4F1AD}.Release|Any CPU.Deploy.0 = Release|Any CPU
		{C8DC936D-37B6-4799-8368-81B769D4F1AD}.Release|ARM.ActiveCfg = Release|Any CPU
		{C8DC936D-37B6-4799-8368-81B769D4F1AD}.Release|ARM.Build.0 = Release|Any CPU
		{C8DC936D-37B6-4799-8368-81B769D4F1AD}.Release|ARM.Deploy.0 = Release|Any CPU
		{C8DC936D-37B6-4799-8368-81B769D4F1AD}.Release|iPhone.ActiveCfg = Release|Any CPU
		{C8DC936D-37B6-4799-8368-81B769D4F1AD}.Release|iPhone.Build.0 = Release|Any CPU
		{C8DC936D-37B6-4799-8368-81B769D4F1AD}.Release|iPhone.Deploy.0 = Release|Any CPU
		{C8DC936D-37B6-4799-8368-81B769D4F1AD}.Release|iPhoneSimulator.ActiveCfg = Release|Any CPU
		{C8DC936D-37B6-4799-8368-81B769D4F1AD}.Release|iPhoneSimulator.Build.0 = Release|Any CPU
		{C8DC936D-37B6-4799-8368-81B769D4F1AD}.Release|iPhoneSimulator.Deploy.0 = Release|Any CPU
		{C8DC936D-37B6-4799-8368-81B769D4F1AD}.Release|x64.ActiveCfg = Release|Any CPU
		{C8DC936D-37B6-4799-8368-81B769D4F1AD}.Release|x64.Build.0 = Release|Any CPU
		{C8DC936D-37B6-4799-8368-81B769D4F1AD}.Release|x64.Deploy.0 = Release|Any CPU
		{C8DC936D-37B6-4799-8368-81B769D4F1AD}.Release|x86.ActiveCfg = Release|Any CPU
		{C8DC936D-37B6-4799-8368-81B769D4F1AD}.Release|x86.Build.0 = Release|Any CPU
		{C8DC936D-37B6-4799-8368-81B769D4F1AD}.Release|x86.Deploy.0 = Release|Any CPU
		{5DC3581B-B2AC-42AD-8633-7527534B3CCA}.Ad-Hoc|Any CPU.ActiveCfg = Ad-Hoc|iPhoneSimulator
		{5DC3581B-B2AC-42AD-8633-7527534B3CCA}.Ad-Hoc|ARM.ActiveCfg = Ad-Hoc|iPhoneSimulator
		{5DC3581B-B2AC-42AD-8633-7527534B3CCA}.Ad-Hoc|iPhone.ActiveCfg = Ad-Hoc|iPhone
		{5DC3581B-B2AC-42AD-8633-7527534B3CCA}.Ad-Hoc|iPhone.Build.0 = Ad-Hoc|iPhone
		{5DC3581B-B2AC-42AD-8633-7527534B3CCA}.Ad-Hoc|iPhoneSimulator.ActiveCfg = Ad-Hoc|iPhoneSimulator
		{5DC3581B-B2AC-42AD-8633-7527534B3CCA}.Ad-Hoc|iPhoneSimulator.Build.0 = Ad-Hoc|iPhoneSimulator
		{5DC3581B-B2AC-42AD-8633-7527534B3CCA}.Ad-Hoc|x64.ActiveCfg = Ad-Hoc|iPhoneSimulator
		{5DC3581B-B2AC-42AD-8633-7527534B3CCA}.Ad-Hoc|x86.ActiveCfg = Ad-Hoc|iPhoneSimulator
		{5DC3581B-B2AC-42AD-8633-7527534B3CCA}.AppStore|Any CPU.ActiveCfg = AppStore|iPhoneSimulator
		{5DC3581B-B2AC-42AD-8633-7527534B3CCA}.AppStore|ARM.ActiveCfg = AppStore|iPhoneSimulator
		{5DC3581B-B2AC-42AD-8633-7527534B3CCA}.AppStore|iPhone.ActiveCfg = AppStore|iPhone
		{5DC3581B-B2AC-42AD-8633-7527534B3CCA}.AppStore|iPhone.Build.0 = AppStore|iPhone
		{5DC3581B-B2AC-42AD-8633-7527534B3CCA}.AppStore|iPhoneSimulator.ActiveCfg = AppStore|iPhoneSimulator
		{5DC3581B-B2AC-42AD-8633-7527534B3CCA}.AppStore|iPhoneSimulator.Build.0 = AppStore|iPhoneSimulator
		{5DC3581B-B2AC-42AD-8633-7527534B3CCA}.AppStore|x64.ActiveCfg = AppStore|iPhoneSimulator
		{5DC3581B-B2AC-42AD-8633-7527534B3CCA}.AppStore|x86.ActiveCfg = AppStore|iPhoneSimulator
		{5DC3581B-B2AC-42AD-8633-7527534B3CCA}.Debug|Any CPU.ActiveCfg = Debug|iPhoneSimulator
		{5DC3581B-B2AC-42AD-8633-7527534B3CCA}.Debug|ARM.ActiveCfg = Debug|iPhoneSimulator
		{5DC3581B-B2AC-42AD-8633-7527534B3CCA}.Debug|iPhone.ActiveCfg = Debug|iPhone
		{5DC3581B-B2AC-42AD-8633-7527534B3CCA}.Debug|iPhone.Build.0 = Debug|iPhone
		{5DC3581B-B2AC-42AD-8633-7527534B3CCA}.Debug|iPhoneSimulator.ActiveCfg = Debug|iPhoneSimulator
		{5DC3581B-B2AC-42AD-8633-7527534B3CCA}.Debug|iPhoneSimulator.Build.0 = Debug|iPhoneSimulator
		{5DC3581B-B2AC-42AD-8633-7527534B3CCA}.Debug|x64.ActiveCfg = Debug|iPhoneSimulator
		{5DC3581B-B2AC-42AD-8633-7527534B3CCA}.Debug|x86.ActiveCfg = Debug|iPhoneSimulator
		{5DC3581B-B2AC-42AD-8633-7527534B3CCA}.Release|Any CPU.ActiveCfg = Release|iPhoneSimulator
		{5DC3581B-B2AC-42AD-8633-7527534B3CCA}.Release|ARM.ActiveCfg = Release|iPhoneSimulator
		{5DC3581B-B2AC-42AD-8633-7527534B3CCA}.Release|iPhone.ActiveCfg = Release|iPhone
		{5DC3581B-B2AC-42AD-8633-7527534B3CCA}.Release|iPhone.Build.0 = Release|iPhone
		{5DC3581B-B2AC-42AD-8633-7527534B3CCA}.Release|iPhoneSimulator.ActiveCfg = Release|iPhoneSimulator
		{5DC3581B-B2AC-42AD-8633-7527534B3CCA}.Release|iPhoneSimulator.Build.0 = Release|iPhoneSimulator
		{5DC3581B-B2AC-42AD-8633-7527534B3CCA}.Release|x64.ActiveCfg = Release|iPhoneSimulator
		{5DC3581B-B2AC-42AD-8633-7527534B3CCA}.Release|x86.ActiveCfg = Release|iPhoneSimulator
		{27A3B367-ECD6-4B3B-8AD4-91DA3757C1B3}.Ad-Hoc|Any CPU.ActiveCfg = Debug|ARM
		{27A3B367-ECD6-4B3B-8AD4-91DA3757C1B3}.Ad-Hoc|Any CPU.Build.0 = Debug|ARM
		{27A3B367-ECD6-4B3B-8AD4-91DA3757C1B3}.Ad-Hoc|Any CPU.Deploy.0 = Debug|ARM
		{27A3B367-ECD6-4B3B-8AD4-91DA3757C1B3}.Ad-Hoc|ARM.ActiveCfg = Debug|ARM
		{27A3B367-ECD6-4B3B-8AD4-91DA3757C1B3}.Ad-Hoc|ARM.Build.0 = Debug|ARM
		{27A3B367-ECD6-4B3B-8AD4-91DA3757C1B3}.Ad-Hoc|ARM.Deploy.0 = Debug|ARM
		{27A3B367-ECD6-4B3B-8AD4-91DA3757C1B3}.Ad-Hoc|iPhone.ActiveCfg = Debug|ARM
		{27A3B367-ECD6-4B3B-8AD4-91DA3757C1B3}.Ad-Hoc|iPhone.Build.0 = Debug|ARM
		{27A3B367-ECD6-4B3B-8AD4-91DA3757C1B3}.Ad-Hoc|iPhone.Deploy.0 = Debug|ARM
		{27A3B367-ECD6-4B3B-8AD4-91DA3757C1B3}.Ad-Hoc|iPhoneSimulator.ActiveCfg = Debug|ARM
		{27A3B367-ECD6-4B3B-8AD4-91DA3757C1B3}.Ad-Hoc|iPhoneSimulator.Build.0 = Debug|ARM
		{27A3B367-ECD6-4B3B-8AD4-91DA3757C1B3}.Ad-Hoc|iPhoneSimulator.Deploy.0 = Debug|ARM
		{27A3B367-ECD6-4B3B-8AD4-91DA3757C1B3}.Ad-Hoc|x64.ActiveCfg = Debug|x64
		{27A3B367-ECD6-4B3B-8AD4-91DA3757C1B3}.Ad-Hoc|x64.Build.0 = Debug|x64
		{27A3B367-ECD6-4B3B-8AD4-91DA3757C1B3}.Ad-Hoc|x64.Deploy.0 = Debug|x64
		{27A3B367-ECD6-4B3B-8AD4-91DA3757C1B3}.Ad-Hoc|x86.ActiveCfg = Debug|x86
		{27A3B367-ECD6-4B3B-8AD4-91DA3757C1B3}.Ad-Hoc|x86.Build.0 = Debug|x86
		{27A3B367-ECD6-4B3B-8AD4-91DA3757C1B3}.Ad-Hoc|x86.Deploy.0 = Debug|x86
		{27A3B367-ECD6-4B3B-8AD4-91DA3757C1B3}.AppStore|Any CPU.ActiveCfg = Debug|ARM
		{27A3B367-ECD6-4B3B-8AD4-91DA3757C1B3}.AppStore|Any CPU.Build.0 = Debug|ARM
		{27A3B367-ECD6-4B3B-8AD4-91DA3757C1B3}.AppStore|Any CPU.Deploy.0 = Debug|ARM
		{27A3B367-ECD6-4B3B-8AD4-91DA3757C1B3}.AppStore|ARM.ActiveCfg = Debug|ARM
		{27A3B367-ECD6-4B3B-8AD4-91DA3757C1B3}.AppStore|ARM.Build.0 = Debug|ARM
		{27A3B367-ECD6-4B3B-8AD4-91DA3757C1B3}.AppStore|ARM.Deploy.0 = Debug|ARM
		{27A3B367-ECD6-4B3B-8AD4-91DA3757C1B3}.AppStore|iPhone.ActiveCfg = Debug|ARM
		{27A3B367-ECD6-4B3B-8AD4-91DA3757C1B3}.AppStore|iPhone.Build.0 = Debug|ARM
		{27A3B367-ECD6-4B3B-8AD4-91DA3757C1B3}.AppStore|iPhone.Deploy.0 = Debug|ARM
		{27A3B367-ECD6-4B3B-8AD4-91DA3757C1B3}.AppStore|iPhoneSimulator.ActiveCfg = Debug|ARM
		{27A3B367-ECD6-4B3B-8AD4-91DA3757C1B3}.AppStore|iPhoneSimulator.Build.0 = Debug|ARM
		{27A3B367-ECD6-4B3B-8AD4-91DA3757C1B3}.AppStore|iPhoneSimulator.Deploy.0 = Debug|ARM
		{27A3B367-ECD6-4B3B-8AD4-91DA3757C1B3}.AppStore|x64.ActiveCfg = Debug|x64
		{27A3B367-ECD6-4B3B-8AD4-91DA3757C1B3}.AppStore|x64.Build.0 = Debug|x64
		{27A3B367-ECD6-4B3B-8AD4-91DA3757C1B3}.AppStore|x64.Deploy.0 = Debug|x64
		{27A3B367-ECD6-4B3B-8AD4-91DA3757C1B3}.AppStore|x86.ActiveCfg = Debug|x86
		{27A3B367-ECD6-4B3B-8AD4-91DA3757C1B3}.AppStore|x86.Build.0 = Debug|x86
		{27A3B367-ECD6-4B3B-8AD4-91DA3757C1B3}.AppStore|x86.Deploy.0 = Debug|x86
		{27A3B367-ECD6-4B3B-8AD4-91DA3757C1B3}.Debug|Any CPU.ActiveCfg = Debug|x86
		{27A3B367-ECD6-4B3B-8AD4-91DA3757C1B3}.Debug|ARM.ActiveCfg = Debug|ARM
		{27A3B367-ECD6-4B3B-8AD4-91DA3757C1B3}.Debug|ARM.Build.0 = Debug|ARM
		{27A3B367-ECD6-4B3B-8AD4-91DA3757C1B3}.Debug|ARM.Deploy.0 = Debug|ARM
		{27A3B367-ECD6-4B3B-8AD4-91DA3757C1B3}.Debug|iPhone.ActiveCfg = Debug|x86
		{27A3B367-ECD6-4B3B-8AD4-91DA3757C1B3}.Debug|iPhoneSimulator.ActiveCfg = Debug|x86
		{27A3B367-ECD6-4B3B-8AD4-91DA3757C1B3}.Debug|x64.ActiveCfg = Debug|x64
		{27A3B367-ECD6-4B3B-8AD4-91DA3757C1B3}.Debug|x64.Build.0 = Debug|x64
		{27A3B367-ECD6-4B3B-8AD4-91DA3757C1B3}.Debug|x64.Deploy.0 = Debug|x64
		{27A3B367-ECD6-4B3B-8AD4-91DA3757C1B3}.Debug|x86.ActiveCfg = Debug|x86
		{27A3B367-ECD6-4B3B-8AD4-91DA3757C1B3}.Debug|x86.Build.0 = Debug|x86
		{27A3B367-ECD6-4B3B-8AD4-91DA3757C1B3}.Debug|x86.Deploy.0 = Debug|x86
		{27A3B367-ECD6-4B3B-8AD4-91DA3757C1B3}.Release|Any CPU.ActiveCfg = Release|x86
		{27A3B367-ECD6-4B3B-8AD4-91DA3757C1B3}.Release|ARM.ActiveCfg = Release|ARM
		{27A3B367-ECD6-4B3B-8AD4-91DA3757C1B3}.Release|ARM.Build.0 = Release|ARM
		{27A3B367-ECD6-4B3B-8AD4-91DA3757C1B3}.Release|ARM.Deploy.0 = Release|ARM
		{27A3B367-ECD6-4B3B-8AD4-91DA3757C1B3}.Release|iPhone.ActiveCfg = Release|x86
		{27A3B367-ECD6-4B3B-8AD4-91DA3757C1B3}.Release|iPhoneSimulator.ActiveCfg = Release|x86
		{27A3B367-ECD6-4B3B-8AD4-91DA3757C1B3}.Release|x64.ActiveCfg = Release|x64
		{27A3B367-ECD6-4B3B-8AD4-91DA3757C1B3}.Release|x64.Build.0 = Release|x64
		{27A3B367-ECD6-4B3B-8AD4-91DA3757C1B3}.Release|x64.Deploy.0 = Release|x64
		{27A3B367-ECD6-4B3B-8AD4-91DA3757C1B3}.Release|x86.ActiveCfg = Release|x86
		{27A3B367-ECD6-4B3B-8AD4-91DA3757C1B3}.Release|x86.Build.0 = Release|x86
		{27A3B367-ECD6-4B3B-8AD4-91DA3757C1B3}.Release|x86.Deploy.0 = Release|x86
	EndGlobalSection
	GlobalSection(SolutionProperties) = preSolution
		HideSolutionNode = FALSE
	EndGlobalSection
	GlobalSection(ExtensibilityGlobals) = postSolution
		SolutionGuid = {87CF53F9-B209-46E5-897D-2665727FAE1A}
	EndGlobalSection
EndGlobal
